
Microsoft Visual Studio Solution File, Format Version 12.00
# Visual Studio 15
VisualStudioVersion = 15.0.28307.757
MinimumVisualStudioVersion = 10.0.40219.1
Project("{FAE04EC0-301F-11D3-BF4B-00C04F79EFBC}") = "Anime4YouDownloader", "Anime4YouDownloader\Anime4YouDownloader.csproj", "{BD65E745-E064-4E1D-B65A-27984EFF868A}"
EndProject
Global
	GlobalSection(SolutionConfigurationPlatforms) = preSolution
		Debug|Any CPU = Debug|Any CPU
		Release|Any CPU = Release|Any CPU
	EndGlobalSection
	GlobalSection(ProjectConfigurationPlatforms) = postSolution
		{BD65E745-E064-4E1D-B65A-27984EFF868A}.Debug|Any CPU.ActiveCfg = Debug|Any CPU
		{BD65E745-E064-4E1D-B65A-27984EFF868A}.Debug|Any CPU.Build.0 = Debug|Any CPU
		{BD65E745-E064-4E1D-B65A-27984EFF868A}.Release|Any CPU.ActiveCfg = Release|Any CPU
		{BD65E745-E064-4E1D-B65A-27984EFF868A}.Release|Any CPU.Build.0 = Release|Any CPU
	EndGlobalSection
	GlobalSection(SolutionProperties) = preSolution
		HideSolutionNode = FALSE
	EndGlobalSection
	GlobalSection(ExtensibilityGlobals) = postSolution
		SolutionGuid = {F207E162-3570-4641-ABB6-EDDA89EDE6C8}
	EndGlobalSection
EndGlobal
